
Microsoft Visual Studio Solution File, Format Version 12.00
# Visual Studio Version 16
VisualStudioVersion = 16.0.29424.173
MinimumVisualStudioVersion = 10.0.40219.1
Project("{FAE04EC0-301F-11D3-BF4B-00C04F79EFBC}") = "Food Log", "Food Log\Food Log.csproj", "{2167D1A3-55A4-4F8C-A26A-E713952B6C56}"
EndProject
Global
	GlobalSection(SolutionConfigurationPlatforms) = preSolution
		Debug|Any CPU = Debug|Any CPU
		Release|Any CPU = Release|Any CPU
	EndGlobalSection
	GlobalSection(ProjectConfigurationPlatforms) = postSolution
		{2167D1A3-55A4-4F8C-A26A-E713952B6C56}.Debug|Any CPU.ActiveCfg = Debug|Any CPU
		{2167D1A3-55A4-4F8C-A26A-E713952B6C56}.Debug|Any CPU.Build.0 = Debug|Any CPU
		{2167D1A3-55A4-4F8C-A26A-E713952B6C56}.Debug|Any CPU.Deploy.0 = Debug|Any CPU
		{2167D1A3-55A4-4F8C-A26A-E713952B6C56}.Release|Any CPU.ActiveCfg = Release|Any CPU
		{2167D1A3-55A4-4F8C-A26A-E713952B6C56}.Release|Any CPU.Build.0 = Release|Any CPU
		{2167D1A3-55A4-4F8C-A26A-E713952B6C56}.Release|Any CPU.Deploy.0 = Release|Any CPU
	EndGlobalSection
	GlobalSection(SolutionProperties) = preSolution
		HideSolutionNode = FALSE
	EndGlobalSection
	GlobalSection(ExtensibilityGlobals) = postSolution
		SolutionGuid = {EE6B1832-AC8D-408F-9EE3-E58154E184F2}
	EndGlobalSection
EndGlobal
